{
  "nodes": {
    "algebra-simple-src": {
      "inputs": {
        "flake-utils": "flake-utils",
        "nixpkgs": "nixpkgs"
      },
      "locked": {
        "lastModified": 1652676157,
        "narHash": "sha256-ASYEuoTVwD4KlpF8AweXlJactaD10z3yAhWq0It9bB4=",
        "owner": "tbidne",
        "repo": "algebra-simple",
        "rev": "be105b31e3bd2bc00c69cd5c1e869294b26fbb17",
        "type": "github"
      },
      "original": {
        "owner": "tbidne",
        "repo": "algebra-simple",
        "type": "github"
      }
    },
    "flake-utils": {
      "locked": {
        "lastModified": 1644229661,
        "narHash": "sha256-1YdnJAsNy69bpcjuoKdOYQX0YxZBiCYZo4Twxerqv7k=",
        "owner": "numtide",
        "repo": "flake-utils",
        "rev": "3cecb5b042f7f209c56ffd8371b2711a290ec797",
        "type": "github"
      },
      "original": {
        "owner": "numtide",
        "repo": "flake-utils",
        "type": "github"
      }
    },
    "flake-utils_2": {
      "locked": {
        "lastModified": 1649676176,
        "narHash": "sha256-OWKJratjt2RW151VUlJPRALb7OU2S5s+f0vLj4o1bHM=",
        "owner": "numtide",
        "repo": "flake-utils",
        "rev": "a4b154ebbdc88c8498a5c7b01589addc9e9cb678",
        "type": "github"
      },
      "original": {
        "owner": "numtide",
        "repo": "flake-utils",
        "type": "github"
      }
    },
    "nixpkgs": {
      "locked": {
        "lastModified": 1651827164,
        "narHash": "sha256-w1niZCq4rhXX+23xLvrA5KR9OqT/72e5Mx/pfz/bZYU=",
        "owner": "nixos",
        "repo": "nixpkgs",
        "rev": "98000933d72a97632caf0db0027ea3eb2e5e7f29",
        "type": "github"
      },
      "original": {
        "owner": "nixos",
        "repo": "nixpkgs",
        "rev": "98000933d72a97632caf0db0027ea3eb2e5e7f29",
        "type": "github"
      }
    },
    "nixpkgs_2": {
      "locked": {
        "lastModified": 1651827164,
        "narHash": "sha256-w1niZCq4rhXX+23xLvrA5KR9OqT/72e5Mx/pfz/bZYU=",
        "owner": "nixos",
        "repo": "nixpkgs",
        "rev": "98000933d72a97632caf0db0027ea3eb2e5e7f29",
        "type": "github"
      },
      "original": {
        "owner": "nixos",
        "repo": "nixpkgs",
        "rev": "98000933d72a97632caf0db0027ea3eb2e5e7f29",
        "type": "github"
      }
    },
    "root": {
      "inputs": {
        "algebra-simple-src": "algebra-simple-src",
        "flake-utils": "flake-utils_2",
        "nixpkgs": "nixpkgs_2"
      }
    }
  },
  "root": "root",
  "version": 7
}
