# This file was autogenerated by Stack.
# You should not edit this file by hand.
# For more information, please see the documentation at:
#   https://docs.haskellstack.org/en/stable/lock_files

packages:
- completed:
    name: algebra-simple
    pantry-tree:
      sha256: 41fdd98e4113036a3d5a18ce78f3144f0c27bae962d1a9abc70ef309c3376d48
      size: 4237
    commit: 2a020dbe0290abe57af31c5011a3a18ff17dcec9
    git: https://github.com/tbidne/algebra-simple.git
    version: '0.1'
  original:
    commit: 2a020dbe0290abe57af31c5011a3a18ff17dcec9
    git: https://github.com/tbidne/algebra-simple.git
snapshots:
- completed:
    sha256: d4ee004c46ba878d2f304f5d748d493057be579192a8d148527f3ba55c9df57f
    size: 618683
    url: https://raw.githubusercontent.com/commercialhaskell/stackage-snapshots/master/lts/19/4.yaml
  original: lts-19.4
