# This file was autogenerated by Stack.
# You should not edit this file by hand.
# For more information, please see the documentation at:
#   https://docs.haskellstack.org/en/stable/lock_files

packages:
- completed:
    name: algebra-simple
    pantry-tree:
      sha256: 686df99788ff2a6fdea8126c40411a9cc5e7cd53e06468a77a9037f5fa002374
      size: 4921
    commit: 086da47c888d0662f4047ad04214df03097d3b08
    git: https://github.com/tbidne/algebra-simple.git
    version: '0.1'
  original:
    commit: 086da47c888d0662f4047ad04214df03097d3b08
    git: https://github.com/tbidne/algebra-simple.git
snapshots:
- completed:
    sha256: f749167ba2a9ff2fcd0434bbd76a17a277572e90798617bc024d40a5324ce2af
    size: 616346
    url: https://raw.githubusercontent.com/commercialhaskell/stackage-snapshots/master/nightly/2022/7/7.yaml
  original: nightly-2022-07-07
