# This file was autogenerated by Stack.
# You should not edit this file by hand.
# For more information, please see the documentation at:
#   https://docs.haskellstack.org/en/stable/lock_files

packages:
- completed:
    name: algebra-simple
    pantry-tree:
      sha256: c683d34d1c03581e377824a43bd539c5fe8674949cdb4c75849e0c01a55813ef
      size: 4235
    commit: 0f0c1879fc1717e39a4ae7bec22d316868c74366
    git: https://github.com/tbidne/algebra-simple.git
    version: '0.1'
  original:
    commit: 0f0c1879fc1717e39a4ae7bec22d316868c74366
    git: https://github.com/tbidne/algebra-simple.git
snapshots:
- completed:
    sha256: d4ee004c46ba878d2f304f5d748d493057be579192a8d148527f3ba55c9df57f
    size: 618683
    url: https://raw.githubusercontent.com/commercialhaskell/stackage-snapshots/master/lts/19/4.yaml
  original: lts-19.4
