# This file was autogenerated by Stack.
# You should not edit this file by hand.
# For more information, please see the documentation at:
#   https://docs.haskellstack.org/en/stable/lock_files

packages:
- completed:
    pantry-tree:
      sha256: c8135d95be0df0ce63d0ee398af20e38f505153032b32c4ab0e8f0f615501d46
      size: 419
    hackage: env-guard-0.2@sha256:59410eed9b9ddbd115760a59c7170927320d8612e414701d323a0c8985c97523,1251
  original:
    hackage: env-guard-0.2@sha256:59410eed9b9ddbd115760a59c7170927320d8612e414701d323a0c8985c97523,1251
- completed:
    pantry-tree:
      sha256: 31987ee70107c5c204137d6f75b401cf8ed5e57df1047ee17d9eb0d4a6f7bc24
      size: 330
    hackage: tasty-hedgehog-1.2.0.0@sha256:3deb98e9a9de9e27c25d02b7fe92ad5cf68d5163fdaaf35bca3923b3e671d46d,1803
  original:
    hackage: tasty-hedgehog-1.2.0.0@sha256:3deb98e9a9de9e27c25d02b7fe92ad5cf68d5163fdaaf35bca3923b3e671d46d,1803
- completed:
    name: algebra-simple
    pantry-tree:
      sha256: a99c28e1f0304d9bbd24c6f60603c41e8ea82efaf0377e49f31fc48718c0a57b
      size: 4923
    commit: aa8ebb5c324248dba28d2b707363939c4904046b
    git: https://github.com/tbidne/algebra-simple.git
    version: '0.1'
  original:
    commit: aa8ebb5c324248dba28d2b707363939c4904046b
    git: https://github.com/tbidne/algebra-simple.git
snapshots:
- completed:
    sha256: 4c31d4ef975b0211078862566aedf3b82b6cea569fc2cde4c72a51e5a8d236ce
    size: 618951
    url: https://raw.githubusercontent.com/commercialhaskell/stackage-snapshots/master/lts/19/14.yaml
  original: lts-19.14
